
Microsoft Visual Studio Solution File, Format Version 12.00
# Visual Studio Version 17
VisualStudioVersion = 17.5.002.0
MinimumVisualStudioVersion = 10.0.40219.1
Project("{2150E333-8FDC-42A3-9474-1A3956D46DE8}") = "csharp-prep", "csharp-prep", "{469FD03A-F0B3-4930-B165-4CDA09707375}"
EndProject
Project("{9A19103F-16F7-4668-BE54-9A1E7A4F7556}") = "Prep1", "csharp-prep\Prep1\Prep1.csproj", "{D60F0FF2-1B2D-461D-8B34-BC46F141436D}"
EndProject
Project("{9A19103F-16F7-4668-BE54-9A1E7A4F7556}") = "Prep2", "csharp-prep\Prep2\Prep2.csproj", "{C86CFED6-ACC4-489B-A782-B8E2B9BEB9FF}"
EndProject
Project("{9A19103F-16F7-4668-BE54-9A1E7A4F7556}") = "Prep3", "csharp-prep\Prep3\Prep3.csproj", "{EA722A3B-8C78-4497-81D9-5896C429B633}"
EndProject
Project("{9A19103F-16F7-4668-BE54-9A1E7A4F7556}") = "Prep4", "csharp-prep\Prep4\Prep4.csproj", "{55710CCB-D07D-44C1-AAAF-6F3A5BF3AAEF}"
EndProject
Project("{9A19103F-16F7-4668-BE54-9A1E7A4F7556}") = "Prep5", "csharp-prep\Prep5\Prep5.csproj", "{6839ACB7-8E0B-477B-855B-90954858FDE6}"
EndProject
Project("{2150E333-8FDC-42A3-9474-1A3956D46DE8}") = "final", "final", "{1AE211E8-BBB0-4522-BFA5-EAE11F17DC1D}"
EndProject
Project("{9A19103F-16F7-4668-BE54-9A1E7A4F7556}") = "FinalProject", "final\FinalProject\FinalProject.csproj", "{17D06914-831B-4BA1-B355-3BA6531D4CE7}"
EndProject
Project("{9A19103F-16F7-4668-BE54-9A1E7A4F7556}") = "Foundation1", "final\Foundation1\Foundation1.csproj", "{2E6C3AE0-F125-4A1C-AE5E-001463E92E64}"
EndProject
Project("{9A19103F-16F7-4668-BE54-9A1E7A4F7556}") = "Foundation2", "final\Foundation2\Foundation2.csproj", "{8A63708D-4EDD-4B84-87D7-D3515E4477FC}"
EndProject
Project("{9A19103F-16F7-4668-BE54-9A1E7A4F7556}") = "Foundation3", "final\Foundation3\Foundation3.csproj", "{4629AEF3-E267-45BE-B4C9-FD77BDEA4DBF}"
EndProject
Project("{9A19103F-16F7-4668-BE54-9A1E7A4F7556}") = "Foundation4", "final\Foundation4\Foundation4.csproj", "{68A25F5D-F1F6-4527-88E9-2777BEB746DC}"
EndProject
Project("{2150E333-8FDC-42A3-9474-1A3956D46DE8}") = "prepare", "prepare", "{E5DC1559-A6A3-4DFC-A57C-AE213214B294}"
EndProject
Project("{9A19103F-16F7-4668-BE54-9A1E7A4F7556}") = "Learning02", "prepare\Learning02\Learning02.csproj", "{838D752F-BC3F-4286-88C0-7AC03A638C17}"
EndProject
Project("{9A19103F-16F7-4668-BE54-9A1E7A4F7556}") = "Learning03", "prepare\Learning03\Learning03.csproj", "{24BB227D-4CE8-4307-994B-47E005C942BC}"
EndProject
Project("{9A19103F-16F7-4668-BE54-9A1E7A4F7556}") = "Learning04", "prepare\Learning04\Learning04.csproj", "{EF9803A7-8E79-4706-BEAB-07586A18BA8E}"
EndProject
Project("{9A19103F-16F7-4668-BE54-9A1E7A4F7556}") = "Learning05", "prepare\Learning05\Learning05.csproj", "{3342207F-635A-48A1-BE34-2383EAC9F471}"
EndProject
Project("{2150E333-8FDC-42A3-9474-1A3956D46DE8}") = "prove", "prove", "{3526797E-01D7-4D7D-9059-1F2DF0CB12BC}"
EndProject
Project("{9A19103F-16F7-4668-BE54-9A1E7A4F7556}") = "Develop02", "prove\Develop02\Develop02.csproj", "{794655C2-3E6E-4A7A-A5F9-F5BEB0D4EF9F}"
EndProject
Project("{9A19103F-16F7-4668-BE54-9A1E7A4F7556}") = "Develop03", "prove\Develop03\Develop03.csproj", "{578547E3-2BFE-4EED-9498-56290DABD88D}"
EndProject
Project("{9A19103F-16F7-4668-BE54-9A1E7A4F7556}") = "Develop04", "prove\Develop04\Develop04.csproj", "{3D29151C-E440-4A61-9C5D-7BFA0018305E}"
EndProject
Project("{9A19103F-16F7-4668-BE54-9A1E7A4F7556}") = "Develop05", "prove\Develop05\Develop05.csproj", "{3394CADA-AE82-4A0F-9EFA-6917289C33E8}"
EndProject
Project("{2150E333-8FDC-42A3-9474-1A3956D46DE8}") = "sandbox", "sandbox", "{E315C92E-986F-4879-B4CF-381B70A82639}"
EndProject
Project("{9A19103F-16F7-4668-BE54-9A1E7A4F7556}") = "Sandbox", "sandbox\Sandbox\Sandbox.csproj", "{C48BBCB1-1807-4EC7-AE83-904B4AE85CE8}"
EndProject
Global
	GlobalSection(SolutionConfigurationPlatforms) = preSolution
		Debug|Any CPU = Debug|Any CPU
		Release|Any CPU = Release|Any CPU
	EndGlobalSection
	GlobalSection(ProjectConfigurationPlatforms) = postSolution
		{D60F0FF2-1B2D-461D-8B34-BC46F141436D}.Debug|Any CPU.ActiveCfg = Debug|Any CPU
		{D60F0FF2-1B2D-461D-8B34-BC46F141436D}.Debug|Any CPU.Build.0 = Debug|Any CPU
		{D60F0FF2-1B2D-461D-8B34-BC46F141436D}.Release|Any CPU.ActiveCfg = Release|Any CPU
		{D60F0FF2-1B2D-461D-8B34-BC46F141436D}.Release|Any CPU.Build.0 = Release|Any CPU
		{C86CFED6-ACC4-489B-A782-B8E2B9BEB9FF}.Debug|Any CPU.ActiveCfg = Debug|Any CPU
		{C86CFED6-ACC4-489B-A782-B8E2B9BEB9FF}.Debug|Any CPU.Build.0 = Debug|Any CPU
		{C86CFED6-ACC4-489B-A782-B8E2B9BEB9FF}.Release|Any CPU.ActiveCfg = Release|Any CPU
		{C86CFED6-ACC4-489B-A782-B8E2B9BEB9FF}.Release|Any CPU.Build.0 = Release|Any CPU
		{EA722A3B-8C78-4497-81D9-5896C429B633}.Debug|Any CPU.ActiveCfg = Debug|Any CPU
		{EA722A3B-8C78-4497-81D9-5896C429B633}.Debug|Any CPU.Build.0 = Debug|Any CPU
		{EA722A3B-8C78-4497-81D9-5896C429B633}.Release|Any CPU.ActiveCfg = Release|Any CPU
		{EA722A3B-8C78-4497-81D9-5896C429B633}.Release|Any CPU.Build.0 = Release|Any CPU
		{55710CCB-D07D-44C1-AAAF-6F3A5BF3AAEF}.Debug|Any CPU.ActiveCfg = Debug|Any CPU
		{55710CCB-D07D-44C1-AAAF-6F3A5BF3AAEF}.Debug|Any CPU.Build.0 = Debug|Any CPU
		{55710CCB-D07D-44C1-AAAF-6F3A5BF3AAEF}.Release|Any CPU.ActiveCfg = Release|Any CPU
		{55710CCB-D07D-44C1-AAAF-6F3A5BF3AAEF}.Release|Any CPU.Build.0 = Release|Any CPU
		{6839ACB7-8E0B-477B-855B-90954858FDE6}.Debug|Any CPU.ActiveCfg = Debug|Any CPU
		{6839ACB7-8E0B-477B-855B-90954858FDE6}.Debug|Any CPU.Build.0 = Debug|Any CPU
		{6839ACB7-8E0B-477B-855B-90954858FDE6}.Release|Any CPU.ActiveCfg = Release|Any CPU
		{6839ACB7-8E0B-477B-855B-90954858FDE6}.Release|Any CPU.Build.0 = Release|Any CPU
		{17D06914-831B-4BA1-B355-3BA6531D4CE7}.Debug|Any CPU.ActiveCfg = Debug|Any CPU
		{17D06914-831B-4BA1-B355-3BA6531D4CE7}.Debug|Any CPU.Build.0 = Debug|Any CPU
		{17D06914-831B-4BA1-B355-3BA6531D4CE7}.Release|Any CPU.ActiveCfg = Release|Any CPU
		{17D06914-831B-4BA1-B355-3BA6531D4CE7}.Release|Any CPU.Build.0 = Release|Any CPU
		{2E6C3AE0-F125-4A1C-AE5E-001463E92E64}.Debug|Any CPU.ActiveCfg = Debug|Any CPU
		{2E6C3AE0-F125-4A1C-AE5E-001463E92E64}.Debug|Any CPU.Build.0 = Debug|Any CPU
		{2E6C3AE0-F125-4A1C-AE5E-001463E92E64}.Release|Any CPU.ActiveCfg = Release|Any CPU
		{2E6C3AE0-F125-4A1C-AE5E-001463E92E64}.Release|Any CPU.Build.0 = Release|Any CPU
		{8A63708D-4EDD-4B84-87D7-D3515E4477FC}.Debug|Any CPU.ActiveCfg = Debug|Any CPU
		{8A63708D-4EDD-4B84-87D7-D3515E4477FC}.Debug|Any CPU.Build.0 = Debug|Any CPU
		{8A63708D-4EDD-4B84-87D7-D3515E4477FC}.Release|Any CPU.ActiveCfg = Release|Any CPU
		{8A63708D-4EDD-4B84-87D7-D3515E4477FC}.Release|Any CPU.Build.0 = Release|Any CPU
		{4629AEF3-E267-45BE-B4C9-FD77BDEA4DBF}.Debug|Any CPU.ActiveCfg = Debug|Any CPU
		{4629AEF3-E267-45BE-B4C9-FD77BDEA4DBF}.Debug|Any CPU.Build.0 = Debug|Any CPU
		{4629AEF3-E267-45BE-B4C9-FD77BDEA4DBF}.Release|Any CPU.ActiveCfg = Release|Any CPU
		{4629AEF3-E267-45BE-B4C9-FD77BDEA4DBF}.Release|Any CPU.Build.0 = Release|Any CPU
		{68A25F5D-F1F6-4527-88E9-2777BEB746DC}.Debug|Any CPU.ActiveCfg = Debug|Any CPU
		{68A25F5D-F1F6-4527-88E9-2777BEB746DC}.Debug|Any CPU.Build.0 = Debug|Any CPU
		{68A25F5D-F1F6-4527-88E9-2777BEB746DC}.Release|Any CPU.ActiveCfg = Release|Any CPU
		{68A25F5D-F1F6-4527-88E9-2777BEB746DC}.Release|Any CPU.Build.0 = Release|Any CPU
		{838D752F-BC3F-4286-88C0-7AC03A638C17}.Debug|Any CPU.ActiveCfg = Debug|Any CPU
		{838D752F-BC3F-4286-88C0-7AC03A638C17}.Debug|Any CPU.Build.0 = Debug|Any CPU
		{838D752F-BC3F-4286-88C0-7AC03A638C17}.Release|Any CPU.ActiveCfg = Release|Any CPU
		{838D752F-BC3F-4286-88C0-7AC03A638C17}.Release|Any CPU.Build.0 = Release|Any CPU
		{24BB227D-4CE8-4307-994B-47E005C942BC}.Debug|Any CPU.ActiveCfg = Debug|Any CPU
		{24BB227D-4CE8-4307-994B-47E005C942BC}.Debug|Any CPU.Build.0 = Debug|Any CPU
		{24BB227D-4CE8-4307-994B-47E005C942BC}.Release|Any CPU.ActiveCfg = Release|Any CPU
		{24BB227D-4CE8-4307-994B-47E005C942BC}.Release|Any CPU.Build.0 = Release|Any CPU
		{EF9803A7-8E79-4706-BEAB-07586A18BA8E}.Debug|Any CPU.ActiveCfg = Debug|Any CPU
		{EF9803A7-8E79-4706-BEAB-07586A18BA8E}.Debug|Any CPU.Build.0 = Debug|Any CPU
		{EF9803A7-8E79-4706-BEAB-07586A18BA8E}.Release|Any CPU.ActiveCfg = Release|Any CPU
		{EF9803A7-8E79-4706-BEAB-07586A18BA8E}.Release|Any CPU.Build.0 = Release|Any CPU
		{3342207F-635A-48A1-BE34-2383EAC9F471}.Debug|Any CPU.ActiveCfg = Debug|Any CPU
		{3342207F-635A-48A1-BE34-2383EAC9F471}.Debug|Any CPU.Build.0 = Debug|Any CPU
		{3342207F-635A-48A1-BE34-2383EAC9F471}.Release|Any CPU.ActiveCfg = Release|Any CPU
		{3342207F-635A-48A1-BE34-2383EAC9F471}.Release|Any CPU.Build.0 = Release|Any CPU
		{794655C2-3E6E-4A7A-A5F9-F5BEB0D4EF9F}.Debug|Any CPU.ActiveCfg = Debug|Any CPU
		{794655C2-3E6E-4A7A-A5F9-F5BEB0D4EF9F}.Debug|Any CPU.Build.0 = Debug|Any CPU
		{794655C2-3E6E-4A7A-A5F9-F5BEB0D4EF9F}.Release|Any CPU.ActiveCfg = Release|Any CPU
		{794655C2-3E6E-4A7A-A5F9-F5BEB0D4EF9F}.Release|Any CPU.Build.0 = Release|Any CPU
		{578547E3-2BFE-4EED-9498-56290DABD88D}.Debug|Any CPU.ActiveCfg = Debug|Any CPU
		{578547E3-2BFE-4EED-9498-56290DABD88D}.Debug|Any CPU.Build.0 = Debug|Any CPU
		{578547E3-2BFE-4EED-9498-56290DABD88D}.Release|Any CPU.ActiveCfg = Release|Any CPU
		{578547E3-2BFE-4EED-9498-56290DABD88D}.Release|Any CPU.Build.0 = Release|Any CPU
		{3D29151C-E440-4A61-9C5D-7BFA0018305E}.Debug|Any CPU.ActiveCfg = Debug|Any CPU
		{3D29151C-E440-4A61-9C5D-7BFA0018305E}.Debug|Any CPU.Build.0 = Debug|Any CPU
		{3D29151C-E440-4A61-9C5D-7BFA0018305E}.Release|Any CPU.ActiveCfg = Release|Any CPU
		{3D29151C-E440-4A61-9C5D-7BFA0018305E}.Release|Any CPU.Build.0 = Release|Any CPU
		{3394CADA-AE82-4A0F-9EFA-6917289C33E8}.Debug|Any CPU.ActiveCfg = Debug|Any CPU
		{3394CADA-AE82-4A0F-9EFA-6917289C33E8}.Debug|Any CPU.Build.0 = Debug|Any CPU
		{3394CADA-AE82-4A0F-9EFA-6917289C33E8}.Release|Any CPU.ActiveCfg = Release|Any CPU
		{3394CADA-AE82-4A0F-9EFA-6917289C33E8}.Release|Any CPU.Build.0 = Release|Any CPU
		{C48BBCB1-1807-4EC7-AE83-904B4AE85CE8}.Debug|Any CPU.ActiveCfg = Debug|Any CPU
		{C48BBCB1-1807-4EC7-AE83-904B4AE85CE8}.Debug|Any CPU.Build.0 = Debug|Any CPU
		{C48BBCB1-1807-4EC7-AE83-904B4AE85CE8}.Release|Any CPU.ActiveCfg = Release|Any CPU
		{C48BBCB1-1807-4EC7-AE83-904B4AE85CE8}.Release|Any CPU.Build.0 = Release|Any CPU
	EndGlobalSection
	GlobalSection(SolutionProperties) = preSolution
		HideSolutionNode = FALSE
	EndGlobalSection
	GlobalSection(NestedProjects) = preSolution
		{D60F0FF2-1B2D-461D-8B34-BC46F141436D} = {469FD03A-F0B3-4930-B165-4CDA09707375}
		{C86CFED6-ACC4-489B-A782-B8E2B9BEB9FF} = {469FD03A-F0B3-4930-B165-4CDA09707375}
		{EA722A3B-8C78-4497-81D9-5896C429B633} = {469FD03A-F0B3-4930-B165-4CDA09707375}
		{55710CCB-D07D-44C1-AAAF-6F3A5BF3AAEF} = {469FD03A-F0B3-4930-B165-4CDA09707375}
		{6839ACB7-8E0B-477B-855B-90954858FDE6} = {469FD03A-F0B3-4930-B165-4CDA09707375}
		{17D06914-831B-4BA1-B355-3BA6531D4CE7} = {1AE211E8-BBB0-4522-BFA5-EAE11F17DC1D}
		{2E6C3AE0-F125-4A1C-AE5E-001463E92E64} = {1AE211E8-BBB0-4522-BFA5-EAE11F17DC1D}
		{8A63708D-4EDD-4B84-87D7-D3515E4477FC} = {1AE211E8-BBB0-4522-BFA5-EAE11F17DC1D}
		{4629AEF3-E267-45BE-B4C9-FD77BDEA4DBF} = {1AE211E8-BBB0-4522-BFA5-EAE11F17DC1D}
		{68A25F5D-F1F6-4527-88E9-2777BEB746DC} = {1AE211E8-BBB0-4522-BFA5-EAE11F17DC1D}
		{838D752F-BC3F-4286-88C0-7AC03A638C17} = {E5DC1559-A6A3-4DFC-A57C-AE213214B294}
		{24BB227D-4CE8-4307-994B-47E005C942BC} = {E5DC1559-A6A3-4DFC-A57C-AE213214B294}
		{EF9803A7-8E79-4706-BEAB-07586A18BA8E} = {E5DC1559-A6A3-4DFC-A57C-AE213214B294}
		{3342207F-635A-48A1-BE34-2383EAC9F471} = {E5DC1559-A6A3-4DFC-A57C-AE213214B294}
		{794655C2-3E6E-4A7A-A5F9-F5BEB0D4EF9F} = {3526797E-01D7-4D7D-9059-1F2DF0CB12BC}
		{578547E3-2BFE-4EED-9498-56290DABD88D} = {3526797E-01D7-4D7D-9059-1F2DF0CB12BC}
		{3D29151C-E440-4A61-9C5D-7BFA0018305E} = {3526797E-01D7-4D7D-9059-1F2DF0CB12BC}
		{3394CADA-AE82-4A0F-9EFA-6917289C33E8} = {3526797E-01D7-4D7D-9059-1F2DF0CB12BC}
		{C48BBCB1-1807-4EC7-AE83-904B4AE85CE8} = {E315C92E-986F-4879-B4CF-381B70A82639}
	EndGlobalSection
	GlobalSection(ExtensibilityGlobals) = postSolution
		SolutionGuid = {F738CF01-2C27-4471-A90A-7F9B25597A68}
	EndGlobalSection
EndGlobal
